// !$*UTF8*$!
{
	archiveVersion = 1;
	classes = {
	};
	objectVersion = 46;
	objects = {

/* Begin PBXBuildFile section */
		12757FDC1A41478700E41310 /* AppDelegate.swift in Sources */ = {isa = PBXBuildFile; fileRef = 12757FDB1A41478700E41310 /* AppDelegate.swift */; };
		12757FDE1A41478700E41310 /* ViewController.swift in Sources */ = {isa = PBXBuildFile; fileRef = 12757FDD1A41478700E41310 /* ViewController.swift */; };
		12757FE11A41478700E41310 /* Main.storyboard in Resources */ = {isa = PBXBuildFile; fileRef = 12757FDF1A41478700E41310 /* Main.storyboard */; };
		12757FE31A41478700E41310 /* Images.xcassets in Resources */ = {isa = PBXBuildFile; fileRef = 12757FE21A41478700E41310 /* Images.xcassets */; };
		12757FE61A41478700E41310 /* LaunchScreen.xib in Resources */ = {isa = PBXBuildFile; fileRef = 12757FE41A41478700E41310 /* LaunchScreen.xib */; };
		12757FF21A41478700E41310 /* SwiftWithSanity_DemoTests.swift in Sources */ = {isa = PBXBuildFile; fileRef = 12757FF11A41478700E41310 /* SwiftWithSanity_DemoTests.swift */; };
		12757FFD1A4147C400E41310 /* StringWithSanity.swift in Sources */ = {isa = PBXBuildFile; fileRef = 12757FFC1A4147C400E41310 /* StringWithSanity.swift */; };
		12757FFF1A4148B100E41310 /* IntWithSanity.swift in Sources */ = {isa = PBXBuildFile; fileRef = 12757FFE1A4148B100E41310 /* IntWithSanity.swift */; };
		127580011A4148BB00E41310 /* FloatWithSanity.swift in Sources */ = {isa = PBXBuildFile; fileRef = 127580001A4148BB00E41310 /* FloatWithSanity.swift */; };
		127580031A41499A00E41310 /* DoubleWithSanity.swift in Sources */ = {isa = PBXBuildFile; fileRef = 127580021A41499A00E41310 /* DoubleWithSanity.swift */; };
/* End PBXBuildFile section */

/* Begin PBXContainerItemProxy section */
		12757FEC1A41478700E41310 /* PBXContainerItemProxy */ = {
			isa = PBXContainerItemProxy;
			containerPortal = 12757FCE1A41478700E41310 /* Project object */;
			proxyType = 1;
			remoteGlobalIDString = 12757FD51A41478700E41310;
			remoteInfo = "SwiftWithSanity-Demo";
		};
/* End PBXContainerItemProxy section */

/* Begin PBXFileReference section */
		12757FD61A41478700E41310 /* SwiftWithSanity-Demo.app */ = {isa = PBXFileReference; explicitFileType = wrapper.application; includeInIndex = 0; path = "SwiftWithSanity-Demo.app"; sourceTree = BUILT_PRODUCTS_DIR; };
		12757FDA1A41478700E41310 /* Info.plist */ = {isa = PBXFileReference; lastKnownFileType = text.plist.xml; path = Info.plist; sourceTree = "<group>"; };
		12757FDB1A41478700E41310 /* AppDelegate.swift */ = {isa = PBXFileReference; lastKnownFileType = sourcecode.swift; path = AppDelegate.swift; sourceTree = "<group>"; };
		12757FDD1A41478700E41310 /* ViewController.swift */ = {isa = PBXFileReference; lastKnownFileType = sourcecode.swift; path = ViewController.swift; sourceTree = "<group>"; };
		12757FE01A41478700E41310 /* Base */ = {isa = PBXFileReference; lastKnownFileType = file.storyboard; name = Base; path = Base.lproj/Main.storyboard; sourceTree = "<group>"; };
		12757FE21A41478700E41310 /* Images.xcassets */ = {isa = PBXFileReference; lastKnownFileType = folder.assetcatalog; path = Images.xcassets; sourceTree = "<group>"; };
		12757FE51A41478700E41310 /* Base */ = {isa = PBXFileReference; lastKnownFileType = file.xib; name = Base; path = Base.lproj/LaunchScreen.xib; sourceTree = "<group>"; };
		12757FEB1A41478700E41310 /* SwiftWithSanity-DemoTests.xctest */ = {isa = PBXFileReference; explicitFileType = wrapper.cfbundle; includeInIndex = 0; path = "SwiftWithSanity-DemoTests.xctest"; sourceTree = BUILT_PRODUCTS_DIR; };
		12757FF01A41478700E41310 /* Info.plist */ = {isa = PBXFileReference; lastKnownFileType = text.plist.xml; path = Info.plist; sourceTree = "<group>"; };
		12757FF11A41478700E41310 /* SwiftWithSanity_DemoTests.swift */ = {isa = PBXFileReference; lastKnownFileType = sourcecode.swift; path = SwiftWithSanity_DemoTests.swift; sourceTree = "<group>"; };
		12757FFC1A4147C400E41310 /* StringWithSanity.swift */ = {isa = PBXFileReference; fileEncoding = 4; lastKnownFileType = sourcecode.swift; path = StringWithSanity.swift; sourceTree = "<group>"; };
		12757FFE1A4148B100E41310 /* IntWithSanity.swift */ = {isa = PBXFileReference; fileEncoding = 4; lastKnownFileType = sourcecode.swift; path = IntWithSanity.swift; sourceTree = "<group>"; };
		127580001A4148BB00E41310 /* FloatWithSanity.swift */ = {isa = PBXFileReference; fileEncoding = 4; lastKnownFileType = sourcecode.swift; path = FloatWithSanity.swift; sourceTree = "<group>"; };
		127580021A41499A00E41310 /* DoubleWithSanity.swift */ = {isa = PBXFileReference; fileEncoding = 4; lastKnownFileType = sourcecode.swift; path = DoubleWithSanity.swift; sourceTree = "<group>"; };
/* End PBXFileReference section */

/* Begin PBXFrameworksBuildPhase section */
		12757FD31A41478700E41310 /* Frameworks */ = {
			isa = PBXFrameworksBuildPhase;
			buildActionMask = 2147483647;
			files = (
			);
			runOnlyForDeploymentPostprocessing = 0;
		};
		12757FE81A41478700E41310 /* Frameworks */ = {
			isa = PBXFrameworksBuildPhase;
			buildActionMask = 2147483647;
			files = (
			);
			runOnlyForDeploymentPostprocessing = 0;
		};
/* End PBXFrameworksBuildPhase section */

/* Begin PBXGroup section */
		12757FCD1A41478700E41310 = {
			isa = PBXGroup;
			children = (
				12757FFB1A4147AA00E41310 /* Source */,
				12757FD81A41478700E41310 /* SwiftWithSanity-Demo */,
				12757FEE1A41478700E41310 /* SwiftWithSanity-DemoTests */,
				12757FD71A41478700E41310 /* Products */,
			);
			sourceTree = "<group>";
		};
		12757FD71A41478700E41310 /* Products */ = {
			isa = PBXGroup;
			children = (
				12757FD61A41478700E41310 /* SwiftWithSanity-Demo.app */,
				12757FEB1A41478700E41310 /* SwiftWithSanity-DemoTests.xctest */,
			);
			name = Products;
			sourceTree = "<group>";
		};
		12757FD81A41478700E41310 /* SwiftWithSanity-Demo */ = {
			isa = PBXGroup;
			children = (
				12757FDB1A41478700E41310 /* AppDelegate.swift */,
				12757FDD1A41478700E41310 /* ViewController.swift */,
				12757FDF1A41478700E41310 /* Main.storyboard */,
				12757FE21A41478700E41310 /* Images.xcassets */,
				12757FE41A41478700E41310 /* LaunchScreen.xib */,
				12757FD91A41478700E41310 /* Supporting Files */,
			);
			path = "SwiftWithSanity-Demo";
			sourceTree = "<group>";
		};
		12757FD91A41478700E41310 /* Supporting Files */ = {
			isa = PBXGroup;
			children = (
				12757FDA1A41478700E41310 /* Info.plist */,
			);
			name = "Supporting Files";
			sourceTree = "<group>";
		};
		12757FEE1A41478700E41310 /* SwiftWithSanity-DemoTests */ = {
			isa = PBXGroup;
			children = (
				12757FF11A41478700E41310 /* SwiftWithSanity_DemoTests.swift */,
				12757FEF1A41478700E41310 /* Supporting Files */,
			);
			path = "SwiftWithSanity-DemoTests";
			sourceTree = "<group>";
		};
		12757FEF1A41478700E41310 /* Supporting Files */ = {
			isa = PBXGroup;
			children = (
				12757FF01A41478700E41310 /* Info.plist */,
			);
			name = "Supporting Files";
			sourceTree = "<group>";
		};
		12757FFB1A4147AA00E41310 /* Source */ = {
			isa = PBXGroup;
			children = (
				12757FFC1A4147C400E41310 /* StringWithSanity.swift */,
				12757FFE1A4148B100E41310 /* IntWithSanity.swift */,
				127580001A4148BB00E41310 /* FloatWithSanity.swift */,
				127580021A41499A00E41310 /* DoubleWithSanity.swift */,
			);
			name = Source;
			path = ../Source;
			sourceTree = "<group>";
		};
/* End PBXGroup section */

/* Begin PBXNativeTarget section */
		12757FD51A41478700E41310 /* SwiftWithSanity-Demo */ = {
			isa = PBXNativeTarget;
			buildConfigurationList = 12757FF51A41478700E41310 /* Build configuration list for PBXNativeTarget "SwiftWithSanity-Demo" */;
			buildPhases = (
				12757FD21A41478700E41310 /* Sources */,
				12757FD31A41478700E41310 /* Frameworks */,
				12757FD41A41478700E41310 /* Resources */,
			);
			buildRules = (
			);
			dependencies = (
			);
			name = "SwiftWithSanity-Demo";
			productName = "SwiftWithSanity-Demo";
			productReference = 12757FD61A41478700E41310 /* SwiftWithSanity-Demo.app */;
			productType = "com.apple.product-type.application";
		};
		12757FEA1A41478700E41310 /* SwiftWithSanity-DemoTests */ = {
			isa = PBXNativeTarget;
			buildConfigurationList = 12757FF81A41478700E41310 /* Build configuration list for PBXNativeTarget "SwiftWithSanity-DemoTests" */;
			buildPhases = (
				12757FE71A41478700E41310 /* Sources */,
				12757FE81A41478700E41310 /* Frameworks */,
				12757FE91A41478700E41310 /* Resources */,
			);
			buildRules = (
			);
			dependencies = (
				12757FED1A41478700E41310 /* PBXTargetDependency */,
			);
			name = "SwiftWithSanity-DemoTests";
			productName = "SwiftWithSanity-DemoTests";
			productReference = 12757FEB1A41478700E41310 /* SwiftWithSanity-DemoTests.xctest */;
			productType = "com.apple.product-type.bundle.unit-test";
		};
/* End PBXNativeTarget section */

/* Begin PBXProject section */
		12757FCE1A41478700E41310 /* Project object */ = {
			isa = PBXProject;
			attributes = {
				LastUpgradeCheck = 0610;
				ORGANIZATIONNAME = "Yichi Zhang";
				TargetAttributes = {
					12757FD51A41478700E41310 = {
						CreatedOnToolsVersion = 6.1.1;
					};
					12757FEA1A41478700E41310 = {
						CreatedOnToolsVersion = 6.1.1;
						TestTargetID = 12757FD51A41478700E41310;
					};
				};
			};
			buildConfigurationList = 12757FD11A41478700E41310 /* Build configuration list for PBXProject "SwiftWithSanity-Demo" */;
			compatibilityVersion = "Xcode 3.2";
			developmentRegion = English;
			hasScannedForEncodings = 0;
			knownRegions = (
				en,
				Base,
			);
			mainGroup = 12757FCD1A41478700E41310;
			productRefGroup = 12757FD71A41478700E41310 /* Products */;
			projectDirPath = "";
			projectRoot = "";
			targets = (
				12757FD51A41478700E41310 /* SwiftWithSanity-Demo */,
				12757FEA1A41478700E41310 /* SwiftWithSanity-DemoTests */,
			);
		};
/* End PBXProject section */

/* Begin PBXResourcesBuildPhase section */
		12757FD41A41478700E41310 /* Resources */ = {
			isa = PBXResourcesBuildPhase;
			buildActionMask = 2147483647;
			files = (
				12757FE11A41478700E41310 /* Main.storyboard in Resources */,
				12757FE61A41478700E41310 /* LaunchScreen.xib in Resources */,
				12757FE31A41478700E41310 /* Images.xcassets in Resources */,
			);
			runOnlyForDeploymentPostprocessing = 0;
		};
		12757FE91A41478700E41310 /* Resources */ = {
			isa = PBXResourcesBuildPhase;
			buildActionMask = 2147483647;
			files = (
			);
			runOnlyForDeploymentPostprocessing = 0;
		};
/* End PBXResourcesBuildPhase section */

/* Begin PBXSourcesBuildPhase section */
		12757FD21A41478700E41310 /* Sources */ = {
			isa = PBXSourcesBuildPhase;
			buildActionMask = 2147483647;
			files = (
				127580031A41499A00E41310 /* DoubleWithSanity.swift in Sources */,
				12757FDE1A41478700E41310 /* ViewController.swift in Sources */,
				12757FFF1A4148B100E41310 /* IntWithSanity.swift in Sources */,
				12757FDC1A41478700E41310 /* AppDelegate.swift in Sources */,
				12757FFD1A4147C400E41310 /* StringWithSanity.swift in Sources */,
				127580011A4148BB00E41310 /* FloatWithSanity.swift in Sources */,
			);
			runOnlyForDeploymentPostprocessing = 0;
		};
		12757FE71A41478700E41310 /* Sources */ = {
			isa = PBXSourcesBuildPhase;
			buildActionMask = 2147483647;
			files = (
				12757FF21A41478700E41310 /* SwiftWithSanity_DemoTests.swift in Sources */,
			);
			runOnlyForDeploymentPostprocessing = 0;
		};
/* End PBXSourcesBuildPhase section */

/* Begin PBXTargetDependency section */
		12757FED1A41478700E41310 /* PBXTargetDependency */ = {
			isa = PBXTargetDependency;
			target = 12757FD51A41478700E41310 /* SwiftWithSanity-Demo */;
			targetProxy = 12757FEC1A41478700E41310 /* PBXContainerItemProxy */;
		};
/* End PBXTargetDependency section */

/* Begin PBXVariantGroup section */
		12757FDF1A41478700E41310 /* Main.storyboard */ = {
			isa = PBXVariantGroup;
			children = (
				12757FE01A41478700E41310 /* Base */,
			);
			name = Main.storyboard;
			sourceTree = "<group>";
		};
		12757FE41A41478700E41310 /* LaunchScreen.xib */ = {
			isa = PBXVariantGroup;
			children = (
				12757FE51A41478700E41310 /* Base */,
			);
			name = LaunchScreen.xib;
			sourceTree = "<group>";
		};
/* End PBXVariantGroup section */

/* Begin XCBuildConfiguration section */
		12757FF31A41478700E41310 /* Debug */ = {
			isa = XCBuildConfiguration;
			buildSettings = {
				ALWAYS_SEARCH_USER_PATHS = NO;
				CLANG_CXX_LANGUAGE_STANDARD = "gnu++0x";
				CLANG_CXX_LIBRARY = "libc++";
				CLANG_ENABLE_MODULES = YES;
				CLANG_ENABLE_OBJC_ARC = YES;
				CLANG_WARN_BOOL_CONVERSION = YES;
				CLANG_WARN_CONSTANT_CONVERSION = YES;
				CLANG_WARN_DIRECT_OBJC_ISA_USAGE = YES_ERROR;
				CLANG_WARN_EMPTY_BODY = YES;
				CLANG_WARN_ENUM_CONVERSION = YES;
				CLANG_WARN_INT_CONVERSION = YES;
				CLANG_WARN_OBJC_ROOT_CLASS = YES_ERROR;
				CLANG_WARN_UNREACHABLE_CODE = YES;
				CLANG_WARN__DUPLICATE_METHOD_MATCH = YES;
				"CODE_SIGN_IDENTITY[sdk=iphoneos*]" = "iPhone Developer";
				COPY_PHASE_STRIP = NO;
				ENABLE_STRICT_OBJC_MSGSEND = YES;
				GCC_C_LANGUAGE_STANDARD = gnu99;
				GCC_DYNAMIC_NO_PIC = NO;
				GCC_OPTIMIZATION_LEVEL = 0;
				GCC_PREPROCESSOR_DEFINITIONS = (
					"DEBUG=1",
					"$(inherited)",
				);
				GCC_SYMBOLS_PRIVATE_EXTERN = NO;
				GCC_WARN_64_TO_32_BIT_CONVERSION = YES;
				GCC_WARN_ABOUT_RETURN_TYPE = YES_ERROR;
				GCC_WARN_UNDECLARED_SELECTOR = YES;
				GCC_WARN_UNINITIALIZED_AUTOS = YES_AGGRESSIVE;
				GCC_WARN_UNUSED_FUNCTION = YES;
				GCC_WARN_UNUSED_VARIABLE = YES;
				IPHONEOS_DEPLOYMENT_TARGET = 8.1;
				MTL_ENABLE_DEBUG_INFO = YES;
				ONLY_ACTIVE_ARCH = YES;
				SDKROOT = iphoneos;
				SWIFT_OPTIMIZATION_LEVEL = "-Onone";
			};
			name = Debug;
		};
		12757FF41A41478700E41310 /* Release */ = {
			isa = XCBuildConfiguration;
			buildSettings = {
				ALWAYS_SEARCH_USER_PATHS = NO;
				CLANG_CXX_LANGUAGE_STANDARD = "gnu++0x";
				CLANG_CXX_LIBRARY = "libc++";
				CLANG_ENABLE_MODULES = YES;
				CLANG_ENABLE_OBJC_ARC = YES;
				CLANG_WARN_BOOL_CONVERSION = YES;
				CLANG_WARN_CONSTANT_CONVERSION = YES;
				CLANG_WARN_DIRECT_OBJC_ISA_USAGE = YES_ERROR;
				CLANG_WARN_EMPTY_BODY = YES;
				CLANG_WARN_ENUM_CONVERSION = YES;
				CLANG_WARN_INT_CONVERSION = YES;
				CLANG_WARN_OBJC_ROOT_CLASS = YES_ERROR;
				CLANG_WARN_UNREACHABLE_CODE = YES;
				CLANG_WARN__DUPLICATE_METHOD_MATCH = YES;
				"CODE_SIGN_IDENTITY[sdk=iphoneos*]" = "iPhone Developer";
				COPY_PHASE_STRIP = YES;
				ENABLE_NS_ASSERTIONS = NO;
				ENABLE_STRICT_OBJC_MSGSEND = YES;
				GCC_C_LANGUAGE_STANDARD = gnu99;
				GCC_WARN_64_TO_32_BIT_CONVERSION = YES;
				GCC_WARN_ABOUT_RETURN_TYPE = YES_ERROR;
				GCC_WARN_UNDECLARED_SELECTOR = YES;
				GCC_WARN_UNINITIALIZED_AUTOS = YES_AGGRESSIVE;
				GCC_WARN_UNUSED_FUNCTION = YES;
				GCC_WARN_UNUSED_VARIABLE = YES;
				IPHONEOS_DEPLOYMENT_TARGET = 8.1;
				MTL_ENABLE_DEBUG_INFO = NO;
				SDKROOT = iphoneos;
				VALIDATE_PRODUCT = YES;
			};
			name = Release;
		};
		12757FF61A41478700E41310 /* Debug */ = {
			isa = XCBuildConfiguration;
			buildSettings = {
				ASSETCATALOG_COMPILER_APPICON_NAME = AppIcon;
				INFOPLIST_FILE = "SwiftWithSanity-Demo/Info.plist";
				LD_RUNPATH_SEARCH_PATHS = "$(inherited) @executable_path/Frameworks";
				PRODUCT_NAME = "$(TARGET_NAME)";
			};
			name = Debug;
		};
		12757FF71A41478700E41310 /* Release */ = {
			isa = XCBuildConfiguration;
			buildSettings = {
				ASSETCATALOG_COMPILER_APPICON_NAME = AppIcon;
				INFOPLIST_FILE = "SwiftWithSanity-Demo/Info.plist";
				LD_RUNPATH_SEARCH_PATHS = "$(inherited) @executable_path/Frameworks";
				PRODUCT_NAME = "$(TARGET_NAME)";
			};
			name = Release;
		};
		12757FF91A41478700E41310 /* Debug */ = {
			isa = XCBuildConfiguration;
			buildSettings = {
				BUNDLE_LOADER = "$(TEST_HOST)";
				FRAMEWORK_SEARCH_PATHS = (
					"$(SDKROOT)/Developer/Library/Frameworks",
					"$(inherited)",
				);
				GCC_PREPROCESSOR_DEFINITIONS = (
					"DEBUG=1",
					"$(inherited)",
				);
				INFOPLIST_FILE = "SwiftWithSanity-DemoTests/Info.plist";
				LD_RUNPATH_SEARCH_PATHS = "$(inherited) @executable_path/Frameworks @loader_path/Frameworks";
				PRODUCT_NAME = "$(TARGET_NAME)";
				TEST_HOST = "$(BUILT_PRODUCTS_DIR)/SwiftWithSanity-Demo.app/SwiftWithSanity-Demo";
			};
			name = Debug;
		};
		12757FFA1A41478700E41310 /* Release */ = {
			isa = XCBuildConfiguration;
			buildSettings = {
				BUNDLE_LOADER = "$(TEST_HOST)";
				FRAMEWORK_SEARCH_PATHS = (
					"$(SDKROOT)/Developer/Library/Frameworks",
					"$(inherited)",
				);
				INFOPLIST_FILE = "SwiftWithSanity-DemoTests/Info.plist";
				LD_RUNPATH_SEARCH_PATHS = "$(inherited) @executable_path/Frameworks @loader_path/Frameworks";
				PRODUCT_NAME = "$(TARGET_NAME)";
				TEST_HOST = "$(BUILT_PRODUCTS_DIR)/SwiftWithSanity-Demo.app/SwiftWithSanity-Demo";
			};
			name = Release;
		};
/* End XCBuildConfiguration section */

/* Begin XCConfigurationList section */
		12757FD11A41478700E41310 /* Build configuration list for PBXProject "SwiftWithSanity-Demo" */ = {
			isa = XCConfigurationList;
			buildConfigurations = (
				12757FF31A41478700E41310 /* Debug */,
				12757FF41A41478700E41310 /* Release */,
			);
			defaultConfigurationIsVisible = 0;
			defaultConfigurationName = Release;
		};
		12757FF51A41478700E41310 /* Build configuration list for PBXNativeTarget "SwiftWithSanity-Demo" */ = {
			isa = XCConfigurationList;
			buildConfigurations = (
				12757FF61A41478700E41310 /* Debug */,
				12757FF71A41478700E41310 /* Release */,
			);
			defaultConfigurationIsVisible = 0;
		};
		12757FF81A41478700E41310 /* Build configuration list for PBXNativeTarget "SwiftWithSanity-DemoTests" */ = {
			isa = XCConfigurationList;
			buildConfigurations = (
				12757FF91A41478700E41310 /* Debug */,
				12757FFA1A41478700E41310 /* Release */,
			);
			defaultConfigurationIsVisible = 0;
		};
/* End XCConfigurationList section */
	};
	rootObject = 12757FCE1A41478700E41310 /* Project object */;
}
